// !$*UTF8*$!
{
	archiveVersion = 1;
	classes = {
	};
	objectVersion = 55;
	objects = {

/* Begin PBXBuildFile section */
		6935A4BC28E174C900E3A5CE /* MapPickerInteractor.swift in Sources */ = {isa = PBXBuildFile; fileRef = 6935A4BB28E174C900E3A5CE /* MapPickerInteractor.swift */; };
		6935A4BE28E174D000E3A5CE /* MapPickerPresenter.swift in Sources */ = {isa = PBXBuildFile; fileRef = 6935A4BD28E174D000E3A5CE /* MapPickerPresenter.swift */; };
		6935A4C028E174D500E3A5CE /* MapPickerRouter.swift in Sources */ = {isa = PBXBuildFile; fileRef = 6935A4BF28E174D500E3A5CE /* MapPickerRouter.swift */; };
		6935A4C228E174DC00E3A5CE /* MapPickerFactory.swift in Sources */ = {isa = PBXBuildFile; fileRef = 6935A4C128E174DC00E3A5CE /* MapPickerFactory.swift */; };
		6935A4C428E177FE00E3A5CE /* MapPicker.swift in Sources */ = {isa = PBXBuildFile; fileRef = 6935A4C328E177FE00E3A5CE /* MapPicker.swift */; };
		6935A4C828E17A4C00E3A5CE /* MapPickerWorker.swift in Sources */ = {isa = PBXBuildFile; fileRef = 6935A4C728E17A4C00E3A5CE /* MapPickerWorker.swift */; };
		6935A4CD28E17CA000E3A5CE /* PickupPointsResponse.swift in Sources */ = {isa = PBXBuildFile; fileRef = 6935A4CC28E17CA000E3A5CE /* PickupPointsResponse.swift */; };
		6935A4D328E17CF700E3A5CE /* AuthorizationRequest.swift in Sources */ = {isa = PBXBuildFile; fileRef = 6935A4D228E17CF700E3A5CE /* AuthorizationRequest.swift */; };
		6935A4D528E17D1300E3A5CE /* PointsRequest.swift in Sources */ = {isa = PBXBuildFile; fileRef = 6935A4D428E17D1300E3A5CE /* PointsRequest.swift */; };
		6935A4D728E17DD000E3A5CE /* AuthorizationWorker.swift in Sources */ = {isa = PBXBuildFile; fileRef = 6935A4D628E17DD000E3A5CE /* AuthorizationWorker.swift */; };
		6935A4D928E17E0500E3A5CE /* AuthorizationResponse.swift in Sources */ = {isa = PBXBuildFile; fileRef = 6935A4D828E17E0500E3A5CE /* AuthorizationResponse.swift */; };
		6935A4DB28E17E6000E3A5CE /* PointsWorker.swift in Sources */ = {isa = PBXBuildFile; fileRef = 6935A4DA28E17E6000E3A5CE /* PointsWorker.swift */; };
		6935A4DD28E1801700E3A5CE /* Encoder.swift in Sources */ = {isa = PBXBuildFile; fileRef = 6935A4DC28E1801700E3A5CE /* Encoder.swift */; };
		6935A4E328E1874700E3A5CE /* VintedGOSDK.framework in Frameworks */ = {isa = PBXBuildFile; fileRef = 69A316E228DC49DE0025873A /* VintedGOSDK.framework */; };
		6935A4E428E1874700E3A5CE /* VintedGOSDK.framework in Embed Frameworks */ = {isa = PBXBuildFile; fileRef = 69A316E228DC49DE0025873A /* VintedGOSDK.framework */; settings = {ATTRIBUTES = (CodeSignOnCopy, RemoveHeadersOnCopy, ); }; };
		6935A4E828E192C600E3A5CE /* VintedGOSDK.framework in Frameworks */ = {isa = PBXBuildFile; fileRef = 69A316E228DC49DE0025873A /* VintedGOSDK.framework */; };
		6935A4E928E192C600E3A5CE /* VintedGOSDK.framework in Embed Frameworks */ = {isa = PBXBuildFile; fileRef = 69A316E228DC49DE0025873A /* VintedGOSDK.framework */; settings = {ATTRIBUTES = (CodeSignOnCopy, RemoveHeadersOnCopy, ); }; };
		6935A4ED28E193B000E3A5CE /* VintedGOPicker.framework in Frameworks */ = {isa = PBXBuildFile; fileRef = 69A3163728DC2BF30025873A /* VintedGOPicker.framework */; };
		6935A4EE28E193B000E3A5CE /* VintedGOPicker.framework in Embed Frameworks */ = {isa = PBXBuildFile; fileRef = 69A3163728DC2BF30025873A /* VintedGOPicker.framework */; settings = {ATTRIBUTES = (CodeSignOnCopy, RemoveHeadersOnCopy, ); }; };
		6935A4F228E1A7CF00E3A5CE /* Assets.xcassets in Resources */ = {isa = PBXBuildFile; fileRef = 6935A4F128E1A7CF00E3A5CE /* Assets.xcassets */; };
		6947391E28F5852600C23D51 /* Theme.swift in Sources */ = {isa = PBXBuildFile; fileRef = 6947391D28F5852600C23D51 /* Theme.swift */; };
		6947392028F5852C00C23D51 /* ThemeManager.swift in Sources */ = {isa = PBXBuildFile; fileRef = 6947391F28F5852C00C23D51 /* ThemeManager.swift */; };
		6947392228F5853400C23D51 /* DefaultTheme.swift in Sources */ = {isa = PBXBuildFile; fileRef = 6947392128F5853400C23D51 /* DefaultTheme.swift */; };
		69A3163C28DC2BF30025873A /* VintedPUDO.docc in Sources */ = {isa = PBXBuildFile; fileRef = 69A3163B28DC2BF30025873A /* VintedPUDO.docc */; };
		69A3164228DC2BF30025873A /* VintedGOPicker.framework in Frameworks */ = {isa = PBXBuildFile; fileRef = 69A3163728DC2BF30025873A /* VintedGOPicker.framework */; };
		69A3164728DC2BF30025873A /* VintedPUDOTests.swift in Sources */ = {isa = PBXBuildFile; fileRef = 69A3164628DC2BF30025873A /* VintedPUDOTests.swift */; };
		69A3164828DC2BF30025873A /* VintedPUDO.h in Headers */ = {isa = PBXBuildFile; fileRef = 69A3163A28DC2BF30025873A /* VintedPUDO.h */; settings = {ATTRIBUTES = (Public, ); }; };
		69A3166A28DC2D760025873A /* MapView.swift in Sources */ = {isa = PBXBuildFile; fileRef = 69A3166928DC2D760025873A /* MapView.swift */; };
		69A3167228DC2DD30025873A /* AppDelegate.swift in Sources */ = {isa = PBXBuildFile; fileRef = 69A3167128DC2DD30025873A /* AppDelegate.swift */; };
		69A3167428DC2DD30025873A /* SceneDelegate.swift in Sources */ = {isa = PBXBuildFile; fileRef = 69A3167328DC2DD30025873A /* SceneDelegate.swift */; };
		69A3167628DC2DD30025873A /* ViewController.swift in Sources */ = {isa = PBXBuildFile; fileRef = 69A3167528DC2DD30025873A /* ViewController.swift */; };
		69A3167928DC2DD30025873A /* Main.storyboard in Resources */ = {isa = PBXBuildFile; fileRef = 69A3167728DC2DD30025873A /* Main.storyboard */; };
		69A3167B28DC2DD40025873A /* Assets.xcassets in Resources */ = {isa = PBXBuildFile; fileRef = 69A3167A28DC2DD40025873A /* Assets.xcassets */; };
		69A3167E28DC2DD40025873A /* LaunchScreen.storyboard in Resources */ = {isa = PBXBuildFile; fileRef = 69A3167C28DC2DD40025873A /* LaunchScreen.storyboard */; };
		69A3168328DC2DDC0025873A /* VintedGOPicker.framework in Frameworks */ = {isa = PBXBuildFile; fileRef = 69A3163728DC2BF30025873A /* VintedGOPicker.framework */; };
		69A3168428DC2DDC0025873A /* VintedGOPicker.framework in Embed Frameworks */ = {isa = PBXBuildFile; fileRef = 69A3163728DC2BF30025873A /* VintedGOPicker.framework */; settings = {ATTRIBUTES = (CodeSignOnCopy, RemoveHeadersOnCopy, ); }; };
		69A3168B28DC2F180025873A /* Map.swift in Sources */ = {isa = PBXBuildFile; fileRef = 69A3168A28DC2F180025873A /* Map.swift */; };
		69A3168D28DC2F3B0025873A /* Map+Pin.swift in Sources */ = {isa = PBXBuildFile; fileRef = 69A3168C28DC2F3B0025873A /* Map+Pin.swift */; };
		69A3168F28DC2F5E0025873A /* Map+Coordinate.swift in Sources */ = {isa = PBXBuildFile; fileRef = 69A3168E28DC2F5E0025873A /* Map+Coordinate.swift */; };
		69A3169128DC2F840025873A /* MapProviding.swift in Sources */ = {isa = PBXBuildFile; fileRef = 69A3169028DC2F840025873A /* MapProviding.swift */; };
		69A3169328DC2FA30025873A /* Map+Region.swift in Sources */ = {isa = PBXBuildFile; fileRef = 69A3169228DC2FA30025873A /* Map+Region.swift */; };
		69A3169528DC30830025873A /* UIView+Embed.swift in Sources */ = {isa = PBXBuildFile; fileRef = 69A3169428DC30830025873A /* UIView+Embed.swift */; };
		69A316A028DC316D0025873A /* Reusable.swift in Sources */ = {isa = PBXBuildFile; fileRef = 69A3169F28DC316D0025873A /* Reusable.swift */; };
		69A316A128DC317D0025873A /* AppleMapView.swift in Sources */ = {isa = PBXBuildFile; fileRef = 69A3169C28DC31620025873A /* AppleMapView.swift */; };
		69A316A228DC317F0025873A /* AppleMapAnnotation.swift in Sources */ = {isa = PBXBuildFile; fileRef = 69A3169D28DC31620025873A /* AppleMapAnnotation.swift */; };
		69A316A328DC31820025873A /* AppleMapAnnotationView.swift in Sources */ = {isa = PBXBuildFile; fileRef = 69A3169E28DC31620025873A /* AppleMapAnnotationView.swift */; };
		69A316AB28DC32D60025873A /* AppDelegate.swift in Sources */ = {isa = PBXBuildFile; fileRef = 69A316AA28DC32D60025873A /* AppDelegate.swift */; };
		69A316AD28DC32D60025873A /* SceneDelegate.swift in Sources */ = {isa = PBXBuildFile; fileRef = 69A316AC28DC32D60025873A /* SceneDelegate.swift */; };
		69A316AF28DC32D60025873A /* ViewController.swift in Sources */ = {isa = PBXBuildFile; fileRef = 69A316AE28DC32D60025873A /* ViewController.swift */; };
		69A316B428DC32D70025873A /* Assets.xcassets in Resources */ = {isa = PBXBuildFile; fileRef = 69A316B328DC32D70025873A /* Assets.xcassets */; };
		69A316B728DC32D70025873A /* LaunchScreen.storyboard in Resources */ = {isa = PBXBuildFile; fileRef = 69A316B528DC32D70025873A /* LaunchScreen.storyboard */; };
		69A316C828DC3A640025873A /* DemoAppSwiftUIApp.swift in Sources */ = {isa = PBXBuildFile; fileRef = 69A316C728DC3A640025873A /* DemoAppSwiftUIApp.swift */; };
		69A316CA28DC3A640025873A /* ContentView.swift in Sources */ = {isa = PBXBuildFile; fileRef = 69A316C928DC3A640025873A /* ContentView.swift */; };
		69A316CC28DC3A650025873A /* Assets.xcassets in Resources */ = {isa = PBXBuildFile; fileRef = 69A316CB28DC3A650025873A /* Assets.xcassets */; };
		69A316CF28DC3A650025873A /* Preview Assets.xcassets in Resources */ = {isa = PBXBuildFile; fileRef = 69A316CE28DC3A650025873A /* Preview Assets.xcassets */; };
		69A316D328DC3A700025873A /* VintedGOPicker.framework in Frameworks */ = {isa = PBXBuildFile; fileRef = 69A3163728DC2BF30025873A /* VintedGOPicker.framework */; };
		69A316D428DC3A700025873A /* VintedGOPicker.framework in Embed Frameworks */ = {isa = PBXBuildFile; fileRef = 69A3163728DC2BF30025873A /* VintedGOPicker.framework */; settings = {ATTRIBUTES = (CodeSignOnCopy, RemoveHeadersOnCopy, ); }; };
		69A316DA28DC45C30025873A /* VintedGOPicker.swift in Sources */ = {isa = PBXBuildFile; fileRef = 69A316D928DC45C30025873A /* VintedGOPicker.swift */; };
		69A316DC28DC46D40025873A /* MapPickerViewController.swift in Sources */ = {isa = PBXBuildFile; fileRef = 69A316DB28DC46D40025873A /* MapPickerViewController.swift */; };
		69A316E628DC49DE0025873A /* VintedGOSDK.docc in Sources */ = {isa = PBXBuildFile; fileRef = 69A316E528DC49DE0025873A /* VintedGOSDK.docc */; };
		69A316EC28DC49DF0025873A /* VintedGOSDK.framework in Frameworks */ = {isa = PBXBuildFile; fileRef = 69A316E228DC49DE0025873A /* VintedGOSDK.framework */; };
		69A316F128DC49DF0025873A /* VintedGOSDKTests.swift in Sources */ = {isa = PBXBuildFile; fileRef = 69A316F028DC49DF0025873A /* VintedGOSDKTests.swift */; };
		69A316F228DC49DF0025873A /* VintedGOSDK.h in Headers */ = {isa = PBXBuildFile; fileRef = 69A316E428DC49DE0025873A /* VintedGOSDK.h */; settings = {ATTRIBUTES = (Public, ); }; };
		69E26BC628F42EC6006C87B4 /* MapPickerView.swift in Sources */ = {isa = PBXBuildFile; fileRef = 69E26BC528F42EC6006C87B4 /* MapPickerView.swift */; };
		69E26BC928F42F6B006C87B4 /* ConfirmationButton.swift in Sources */ = {isa = PBXBuildFile; fileRef = 69E26BC828F42F6B006C87B4 /* ConfirmationButton.swift */; };
		69E26BCC28F43287006C87B4 /* ImageProvider.swift in Sources */ = {isa = PBXBuildFile; fileRef = 69E26BCB28F43287006C87B4 /* ImageProvider.swift */; };
		69E4268628DC4AFE0020AD05 /* Requestable.swift in Sources */ = {isa = PBXBuildFile; fileRef = 69E4268528DC4AFE0020AD05 /* Requestable.swift */; };
		69E4268828DC4B130020AD05 /* CoreAPIWorker.swift in Sources */ = {isa = PBXBuildFile; fileRef = 69E4268728DC4B130020AD05 /* CoreAPIWorker.swift */; };
		69E4268A28DC4B1A0020AD05 /* NetworkError.swift in Sources */ = {isa = PBXBuildFile; fileRef = 69E4268928DC4B1A0020AD05 /* NetworkError.swift */; };
		69E4268C28DC4B3C0020AD05 /* EmptyResponse.swift in Sources */ = {isa = PBXBuildFile; fileRef = 69E4268B28DC4B3C0020AD05 /* EmptyResponse.swift */; };
		69E4268E28DC4B590020AD05 /* NetworkingDependencies.swift in Sources */ = {isa = PBXBuildFile; fileRef = 69E4268D28DC4B590020AD05 /* NetworkingDependencies.swift */; };
		69E4269028DC4C7D0020AD05 /* Logger.swift in Sources */ = {isa = PBXBuildFile; fileRef = 69E4268F28DC4C7D0020AD05 /* Logger.swift */; };
		69E4269228DC4CA60020AD05 /* AppConfiguration.swift in Sources */ = {isa = PBXBuildFile; fileRef = 69E4269128DC4CA60020AD05 /* AppConfiguration.swift */; };
		69E4269428DC4D160020AD05 /* VintedGOManager.swift in Sources */ = {isa = PBXBuildFile; fileRef = 69E4269328DC4D160020AD05 /* VintedGOManager.swift */; };
		69E4269628DC4D3E0020AD05 /* Environment.swift in Sources */ = {isa = PBXBuildFile; fileRef = 69E4269528DC4D3E0020AD05 /* Environment.swift */; };
/* End PBXBuildFile section */

/* Begin PBXContainerItemProxy section */
		6935A4E528E1874700E3A5CE /* PBXContainerItemProxy */ = {
			isa = PBXContainerItemProxy;
			containerPortal = 69A3162E28DC2BF30025873A /* Project object */;
			proxyType = 1;
			remoteGlobalIDString = 69A316E128DC49DE0025873A;
			remoteInfo = VintedGOSDK;
		};
		6935A4EA28E192C600E3A5CE /* PBXContainerItemProxy */ = {
			isa = PBXContainerItemProxy;
			containerPortal = 69A3162E28DC2BF30025873A /* Project object */;
			proxyType = 1;
			remoteGlobalIDString = 69A316E128DC49DE0025873A;
			remoteInfo = VintedGOSDK;
		};
		6935A4EF28E193B000E3A5CE /* PBXContainerItemProxy */ = {
			isa = PBXContainerItemProxy;
			containerPortal = 69A3162E28DC2BF30025873A /* Project object */;
			proxyType = 1;
			remoteGlobalIDString = 69A3163628DC2BF30025873A;
			remoteInfo = VintedGOPicker;
		};
		69A3164328DC2BF30025873A /* PBXContainerItemProxy */ = {
			isa = PBXContainerItemProxy;
			containerPortal = 69A3162E28DC2BF30025873A /* Project object */;
			proxyType = 1;
			remoteGlobalIDString = 69A3163628DC2BF30025873A;
			remoteInfo = VintedPUDO;
		};
		69A3168528DC2DDC0025873A /* PBXContainerItemProxy */ = {
			isa = PBXContainerItemProxy;
			containerPortal = 69A3162E28DC2BF30025873A /* Project object */;
			proxyType = 1;
			remoteGlobalIDString = 69A3163628DC2BF30025873A;
			remoteInfo = VintedPUDO;
		};
		69A316D528DC3A700025873A /* PBXContainerItemProxy */ = {
			isa = PBXContainerItemProxy;
			containerPortal = 69A3162E28DC2BF30025873A /* Project object */;
			proxyType = 1;
			remoteGlobalIDString = 69A3163628DC2BF30025873A;
			remoteInfo = VintedPUDO;
		};
		69A316ED28DC49DF0025873A /* PBXContainerItemProxy */ = {
			isa = PBXContainerItemProxy;
			containerPortal = 69A3162E28DC2BF30025873A /* Project object */;
			proxyType = 1;
			remoteGlobalIDString = 69A316E128DC49DE0025873A;
			remoteInfo = VintedGOSDK;
		};
/* End PBXContainerItemProxy section */

/* Begin PBXCopyFilesBuildPhase section */
		6935A4E728E1874700E3A5CE /* Embed Frameworks */ = {
			isa = PBXCopyFilesBuildPhase;
			buildActionMask = 2147483647;
			dstPath = "";
			dstSubfolderSpec = 10;
			files = (
				6935A4EE28E193B000E3A5CE /* VintedGOPicker.framework in Embed Frameworks */,
				6935A4E428E1874700E3A5CE /* VintedGOSDK.framework in Embed Frameworks */,
			);
			name = "Embed Frameworks";
			runOnlyForDeploymentPostprocessing = 0;
		};
		6935A4EC28E192C600E3A5CE /* Embed Frameworks */ = {
			isa = PBXCopyFilesBuildPhase;
			buildActionMask = 2147483647;
			dstPath = "";
			dstSubfolderSpec = 10;
			files = (
				6935A4E928E192C600E3A5CE /* VintedGOSDK.framework in Embed Frameworks */,
			);
			name = "Embed Frameworks";
			runOnlyForDeploymentPostprocessing = 0;
		};
		69A3168728DC2DDC0025873A /* Embed Frameworks */ = {
			isa = PBXCopyFilesBuildPhase;
			buildActionMask = 2147483647;
			dstPath = "";
			dstSubfolderSpec = 10;
			files = (
				69A3168428DC2DDC0025873A /* VintedGOPicker.framework in Embed Frameworks */,
			);
			name = "Embed Frameworks";
			runOnlyForDeploymentPostprocessing = 0;
		};
		69A316D728DC3A700025873A /* Embed Frameworks */ = {
			isa = PBXCopyFilesBuildPhase;
			buildActionMask = 2147483647;
			dstPath = "";
			dstSubfolderSpec = 10;
			files = (
				69A316D428DC3A700025873A /* VintedGOPicker.framework in Embed Frameworks */,
			);
			name = "Embed Frameworks";
			runOnlyForDeploymentPostprocessing = 0;
		};
/* End PBXCopyFilesBuildPhase section */

/* Begin PBXFileReference section */
		6935A4BB28E174C900E3A5CE /* MapPickerInteractor.swift */ = {isa = PBXFileReference; lastKnownFileType = sourcecode.swift; path = MapPickerInteractor.swift; sourceTree = "<group>"; };
		6935A4BD28E174D000E3A5CE /* MapPickerPresenter.swift */ = {isa = PBXFileReference; lastKnownFileType = sourcecode.swift; path = MapPickerPresenter.swift; sourceTree = "<group>"; };
		6935A4BF28E174D500E3A5CE /* MapPickerRouter.swift */ = {isa = PBXFileReference; lastKnownFileType = sourcecode.swift; path = MapPickerRouter.swift; sourceTree = "<group>"; };
		6935A4C128E174DC00E3A5CE /* MapPickerFactory.swift */ = {isa = PBXFileReference; lastKnownFileType = sourcecode.swift; path = MapPickerFactory.swift; sourceTree = "<group>"; };
		6935A4C328E177FE00E3A5CE /* MapPicker.swift */ = {isa = PBXFileReference; lastKnownFileType = sourcecode.swift; path = MapPicker.swift; sourceTree = "<group>"; };
		6935A4C728E17A4C00E3A5CE /* MapPickerWorker.swift */ = {isa = PBXFileReference; lastKnownFileType = sourcecode.swift; path = MapPickerWorker.swift; sourceTree = "<group>"; };
		6935A4CC28E17CA000E3A5CE /* PickupPointsResponse.swift */ = {isa = PBXFileReference; lastKnownFileType = sourcecode.swift; path = PickupPointsResponse.swift; sourceTree = "<group>"; };
		6935A4D228E17CF700E3A5CE /* AuthorizationRequest.swift */ = {isa = PBXFileReference; lastKnownFileType = sourcecode.swift; path = AuthorizationRequest.swift; sourceTree = "<group>"; };
		6935A4D428E17D1300E3A5CE /* PointsRequest.swift */ = {isa = PBXFileReference; lastKnownFileType = sourcecode.swift; path = PointsRequest.swift; sourceTree = "<group>"; };
		6935A4D628E17DD000E3A5CE /* AuthorizationWorker.swift */ = {isa = PBXFileReference; lastKnownFileType = sourcecode.swift; path = AuthorizationWorker.swift; sourceTree = "<group>"; };
		6935A4D828E17E0500E3A5CE /* AuthorizationResponse.swift */ = {isa = PBXFileReference; lastKnownFileType = sourcecode.swift; path = AuthorizationResponse.swift; sourceTree = "<group>"; };
		6935A4DA28E17E6000E3A5CE /* PointsWorker.swift */ = {isa = PBXFileReference; lastKnownFileType = sourcecode.swift; path = PointsWorker.swift; sourceTree = "<group>"; };
		6935A4DC28E1801700E3A5CE /* Encoder.swift */ = {isa = PBXFileReference; lastKnownFileType = sourcecode.swift; path = Encoder.swift; sourceTree = "<group>"; };
		6935A4F128E1A7CF00E3A5CE /* Assets.xcassets */ = {isa = PBXFileReference; lastKnownFileType = folder.assetcatalog; path = Assets.xcassets; sourceTree = "<group>"; };
		6947391D28F5852600C23D51 /* Theme.swift */ = {isa = PBXFileReference; lastKnownFileType = sourcecode.swift; path = Theme.swift; sourceTree = "<group>"; };
		6947391F28F5852C00C23D51 /* ThemeManager.swift */ = {isa = PBXFileReference; lastKnownFileType = sourcecode.swift; path = ThemeManager.swift; sourceTree = "<group>"; };
		6947392128F5853400C23D51 /* DefaultTheme.swift */ = {isa = PBXFileReference; lastKnownFileType = sourcecode.swift; path = DefaultTheme.swift; sourceTree = "<group>"; };
		69A3163728DC2BF30025873A /* VintedGOPicker.framework */ = {isa = PBXFileReference; explicitFileType = wrapper.framework; includeInIndex = 0; path = VintedGOPicker.framework; sourceTree = BUILT_PRODUCTS_DIR; };
		69A3163A28DC2BF30025873A /* VintedPUDO.h */ = {isa = PBXFileReference; lastKnownFileType = sourcecode.c.h; path = VintedPUDO.h; sourceTree = "<group>"; };
		69A3163B28DC2BF30025873A /* VintedPUDO.docc */ = {isa = PBXFileReference; lastKnownFileType = folder.documentationcatalog; path = VintedPUDO.docc; sourceTree = "<group>"; };
		69A3164128DC2BF30025873A /* VintedGoPickerTests.xctest */ = {isa = PBXFileReference; explicitFileType = wrapper.cfbundle; includeInIndex = 0; path = VintedGoPickerTests.xctest; sourceTree = BUILT_PRODUCTS_DIR; };
		69A3164628DC2BF30025873A /* VintedPUDOTests.swift */ = {isa = PBXFileReference; lastKnownFileType = sourcecode.swift; path = VintedPUDOTests.swift; sourceTree = "<group>"; };
		69A3166928DC2D760025873A /* MapView.swift */ = {isa = PBXFileReference; lastKnownFileType = sourcecode.swift; path = MapView.swift; sourceTree = "<group>"; };
		69A3166F28DC2DD30025873A /* DemoAppStoryboard.app */ = {isa = PBXFileReference; explicitFileType = wrapper.application; includeInIndex = 0; path = DemoAppStoryboard.app; sourceTree = BUILT_PRODUCTS_DIR; };
		69A3167128DC2DD30025873A /* AppDelegate.swift */ = {isa = PBXFileReference; lastKnownFileType = sourcecode.swift; path = AppDelegate.swift; sourceTree = "<group>"; };
		69A3167328DC2DD30025873A /* SceneDelegate.swift */ = {isa = PBXFileReference; lastKnownFileType = sourcecode.swift; path = SceneDelegate.swift; sourceTree = "<group>"; };
		69A3167528DC2DD30025873A /* ViewController.swift */ = {isa = PBXFileReference; lastKnownFileType = sourcecode.swift; path = ViewController.swift; sourceTree = "<group>"; };
		69A3167828DC2DD30025873A /* Base */ = {isa = PBXFileReference; lastKnownFileType = file.storyboard; name = Base; path = Base.lproj/Main.storyboard; sourceTree = "<group>"; };
		69A3167A28DC2DD40025873A /* Assets.xcassets */ = {isa = PBXFileReference; lastKnownFileType = folder.assetcatalog; path = Assets.xcassets; sourceTree = "<group>"; };
		69A3167D28DC2DD40025873A /* Base */ = {isa = PBXFileReference; lastKnownFileType = file.storyboard; name = Base; path = Base.lproj/LaunchScreen.storyboard; sourceTree = "<group>"; };
		69A3167F28DC2DD40025873A /* Info.plist */ = {isa = PBXFileReference; lastKnownFileType = text.plist.xml; path = Info.plist; sourceTree = "<group>"; };
		69A3168A28DC2F180025873A /* Map.swift */ = {isa = PBXFileReference; lastKnownFileType = sourcecode.swift; path = Map.swift; sourceTree = "<group>"; };
		69A3168C28DC2F3B0025873A /* Map+Pin.swift */ = {isa = PBXFileReference; lastKnownFileType = sourcecode.swift; path = "Map+Pin.swift"; sourceTree = "<group>"; };
		69A3168E28DC2F5E0025873A /* Map+Coordinate.swift */ = {isa = PBXFileReference; lastKnownFileType = sourcecode.swift; path = "Map+Coordinate.swift"; sourceTree = "<group>"; };
		69A3169028DC2F840025873A /* MapProviding.swift */ = {isa = PBXFileReference; lastKnownFileType = sourcecode.swift; path = MapProviding.swift; sourceTree = "<group>"; };
		69A3169228DC2FA30025873A /* Map+Region.swift */ = {isa = PBXFileReference; lastKnownFileType = sourcecode.swift; path = "Map+Region.swift"; sourceTree = "<group>"; };
		69A3169428DC30830025873A /* UIView+Embed.swift */ = {isa = PBXFileReference; lastKnownFileType = sourcecode.swift; path = "UIView+Embed.swift"; sourceTree = "<group>"; };
		69A3169C28DC31620025873A /* AppleMapView.swift */ = {isa = PBXFileReference; lastKnownFileType = sourcecode.swift; path = AppleMapView.swift; sourceTree = "<group>"; };
		69A3169D28DC31620025873A /* AppleMapAnnotation.swift */ = {isa = PBXFileReference; lastKnownFileType = sourcecode.swift; path = AppleMapAnnotation.swift; sourceTree = "<group>"; };
		69A3169E28DC31620025873A /* AppleMapAnnotationView.swift */ = {isa = PBXFileReference; lastKnownFileType = sourcecode.swift; path = AppleMapAnnotationView.swift; sourceTree = "<group>"; };
		69A3169F28DC316D0025873A /* Reusable.swift */ = {isa = PBXFileReference; lastKnownFileType = sourcecode.swift; path = Reusable.swift; sourceTree = "<group>"; };
		69A316A828DC32D60025873A /* DemoAppProgramaticUIKit.app */ = {isa = PBXFileReference; explicitFileType = wrapper.application; includeInIndex = 0; path = DemoAppProgramaticUIKit.app; sourceTree = BUILT_PRODUCTS_DIR; };
		69A316AA28DC32D60025873A /* AppDelegate.swift */ = {isa = PBXFileReference; lastKnownFileType = sourcecode.swift; path = AppDelegate.swift; sourceTree = "<group>"; };
		69A316AC28DC32D60025873A /* SceneDelegate.swift */ = {isa = PBXFileReference; lastKnownFileType = sourcecode.swift; path = SceneDelegate.swift; sourceTree = "<group>"; };
		69A316AE28DC32D60025873A /* ViewController.swift */ = {isa = PBXFileReference; lastKnownFileType = sourcecode.swift; path = ViewController.swift; sourceTree = "<group>"; };
		69A316B328DC32D70025873A /* Assets.xcassets */ = {isa = PBXFileReference; lastKnownFileType = folder.assetcatalog; path = Assets.xcassets; sourceTree = "<group>"; };
		69A316B628DC32D70025873A /* Base */ = {isa = PBXFileReference; lastKnownFileType = file.storyboard; name = Base; path = Base.lproj/LaunchScreen.storyboard; sourceTree = "<group>"; };
		69A316B828DC32D70025873A /* Info.plist */ = {isa = PBXFileReference; lastKnownFileType = text.plist.xml; path = Info.plist; sourceTree = "<group>"; };
		69A316C528DC3A640025873A /* DemoAppSwiftUI.app */ = {isa = PBXFileReference; explicitFileType = wrapper.application; includeInIndex = 0; path = DemoAppSwiftUI.app; sourceTree = BUILT_PRODUCTS_DIR; };
		69A316C728DC3A640025873A /* DemoAppSwiftUIApp.swift */ = {isa = PBXFileReference; lastKnownFileType = sourcecode.swift; path = DemoAppSwiftUIApp.swift; sourceTree = "<group>"; };
		69A316C928DC3A640025873A /* ContentView.swift */ = {isa = PBXFileReference; lastKnownFileType = sourcecode.swift; path = ContentView.swift; sourceTree = "<group>"; };
		69A316CB28DC3A650025873A /* Assets.xcassets */ = {isa = PBXFileReference; lastKnownFileType = folder.assetcatalog; path = Assets.xcassets; sourceTree = "<group>"; };
		69A316CE28DC3A650025873A /* Preview Assets.xcassets */ = {isa = PBXFileReference; lastKnownFileType = folder.assetcatalog; path = "Preview Assets.xcassets"; sourceTree = "<group>"; };
		69A316D928DC45C30025873A /* VintedGOPicker.swift */ = {isa = PBXFileReference; lastKnownFileType = sourcecode.swift; path = VintedGOPicker.swift; sourceTree = "<group>"; };
		69A316DB28DC46D40025873A /* MapPickerViewController.swift */ = {isa = PBXFileReference; lastKnownFileType = sourcecode.swift; path = MapPickerViewController.swift; sourceTree = "<group>"; };
		69A316E228DC49DE0025873A /* VintedGOSDK.framework */ = {isa = PBXFileReference; explicitFileType = wrapper.framework; includeInIndex = 0; path = VintedGOSDK.framework; sourceTree = BUILT_PRODUCTS_DIR; };
		69A316E428DC49DE0025873A /* VintedGOSDK.h */ = {isa = PBXFileReference; lastKnownFileType = sourcecode.c.h; path = VintedGOSDK.h; sourceTree = "<group>"; };
		69A316E528DC49DE0025873A /* VintedGOSDK.docc */ = {isa = PBXFileReference; lastKnownFileType = folder.documentationcatalog; path = VintedGOSDK.docc; sourceTree = "<group>"; };
		69A316EB28DC49DF0025873A /* VintedGOSDKTests.xctest */ = {isa = PBXFileReference; explicitFileType = wrapper.cfbundle; includeInIndex = 0; path = VintedGOSDKTests.xctest; sourceTree = BUILT_PRODUCTS_DIR; };
		69A316F028DC49DF0025873A /* VintedGOSDKTests.swift */ = {isa = PBXFileReference; lastKnownFileType = sourcecode.swift; path = VintedGOSDKTests.swift; sourceTree = "<group>"; };
		69E26BC528F42EC6006C87B4 /* MapPickerView.swift */ = {isa = PBXFileReference; lastKnownFileType = sourcecode.swift; path = MapPickerView.swift; sourceTree = "<group>"; };
		69E26BC828F42F6B006C87B4 /* ConfirmationButton.swift */ = {isa = PBXFileReference; lastKnownFileType = sourcecode.swift; path = ConfirmationButton.swift; sourceTree = "<group>"; };
		69E26BCB28F43287006C87B4 /* ImageProvider.swift */ = {isa = PBXFileReference; lastKnownFileType = sourcecode.swift; path = ImageProvider.swift; sourceTree = "<group>"; };
		69E4268528DC4AFE0020AD05 /* Requestable.swift */ = {isa = PBXFileReference; lastKnownFileType = sourcecode.swift; path = Requestable.swift; sourceTree = "<group>"; };
		69E4268728DC4B130020AD05 /* CoreAPIWorker.swift */ = {isa = PBXFileReference; lastKnownFileType = sourcecode.swift; path = CoreAPIWorker.swift; sourceTree = "<group>"; };
		69E4268928DC4B1A0020AD05 /* NetworkError.swift */ = {isa = PBXFileReference; lastKnownFileType = sourcecode.swift; path = NetworkError.swift; sourceTree = "<group>"; };
		69E4268B28DC4B3C0020AD05 /* EmptyResponse.swift */ = {isa = PBXFileReference; lastKnownFileType = sourcecode.swift; path = EmptyResponse.swift; sourceTree = "<group>"; };
		69E4268D28DC4B590020AD05 /* NetworkingDependencies.swift */ = {isa = PBXFileReference; lastKnownFileType = sourcecode.swift; path = NetworkingDependencies.swift; sourceTree = "<group>"; };
		69E4268F28DC4C7D0020AD05 /* Logger.swift */ = {isa = PBXFileReference; lastKnownFileType = sourcecode.swift; path = Logger.swift; sourceTree = "<group>"; };
		69E4269128DC4CA60020AD05 /* AppConfiguration.swift */ = {isa = PBXFileReference; lastKnownFileType = sourcecode.swift; path = AppConfiguration.swift; sourceTree = "<group>"; };
		69E4269328DC4D160020AD05 /* VintedGOManager.swift */ = {isa = PBXFileReference; lastKnownFileType = sourcecode.swift; path = VintedGOManager.swift; sourceTree = "<group>"; };
		69E4269528DC4D3E0020AD05 /* Environment.swift */ = {isa = PBXFileReference; lastKnownFileType = sourcecode.swift; path = Environment.swift; sourceTree = "<group>"; };
/* End PBXFileReference section */

/* Begin PBXFrameworksBuildPhase section */
		69A3163428DC2BF30025873A /* Frameworks */ = {
			isa = PBXFrameworksBuildPhase;
			buildActionMask = 2147483647;
			files = (
				6935A4E828E192C600E3A5CE /* VintedGOSDK.framework in Frameworks */,
			);
			runOnlyForDeploymentPostprocessing = 0;
		};
		69A3163E28DC2BF30025873A /* Frameworks */ = {
			isa = PBXFrameworksBuildPhase;
			buildActionMask = 2147483647;
			files = (
				69A3164228DC2BF30025873A /* VintedGOPicker.framework in Frameworks */,
			);
			runOnlyForDeploymentPostprocessing = 0;
		};
		69A3166C28DC2DD30025873A /* Frameworks */ = {
			isa = PBXFrameworksBuildPhase;
			buildActionMask = 2147483647;
			files = (
				69A3168328DC2DDC0025873A /* VintedGOPicker.framework in Frameworks */,
			);
			runOnlyForDeploymentPostprocessing = 0;
		};
		69A316A528DC32D60025873A /* Frameworks */ = {
			isa = PBXFrameworksBuildPhase;
			buildActionMask = 2147483647;
			files = (
				6935A4ED28E193B000E3A5CE /* VintedGOPicker.framework in Frameworks */,
				6935A4E328E1874700E3A5CE /* VintedGOSDK.framework in Frameworks */,
			);
			runOnlyForDeploymentPostprocessing = 0;
		};
		69A316C228DC3A640025873A /* Frameworks */ = {
			isa = PBXFrameworksBuildPhase;
			buildActionMask = 2147483647;
			files = (
				69A316D328DC3A700025873A /* VintedGOPicker.framework in Frameworks */,
			);
			runOnlyForDeploymentPostprocessing = 0;
		};
		69A316DF28DC49DE0025873A /* Frameworks */ = {
			isa = PBXFrameworksBuildPhase;
			buildActionMask = 2147483647;
			files = (
			);
			runOnlyForDeploymentPostprocessing = 0;
		};
		69A316E828DC49DF0025873A /* Frameworks */ = {
			isa = PBXFrameworksBuildPhase;
			buildActionMask = 2147483647;
			files = (
				69A316EC28DC49DF0025873A /* VintedGOSDK.framework in Frameworks */,
			);
			runOnlyForDeploymentPostprocessing = 0;
		};
/* End PBXFrameworksBuildPhase section */

/* Begin PBXGroup section */
		6935A4C528E1780500E3A5CE /* Scenes */ = {
			isa = PBXGroup;
			children = (
				6935A4C628E1780B00E3A5CE /* MapPicker */,
			);
			path = Scenes;
			sourceTree = "<group>";
		};
		6935A4C628E1780B00E3A5CE /* MapPicker */ = {
			isa = PBXGroup;
			children = (
				69A316DB28DC46D40025873A /* MapPickerViewController.swift */,
				6935A4BB28E174C900E3A5CE /* MapPickerInteractor.swift */,
				6935A4BD28E174D000E3A5CE /* MapPickerPresenter.swift */,
				6935A4BF28E174D500E3A5CE /* MapPickerRouter.swift */,
				6935A4C128E174DC00E3A5CE /* MapPickerFactory.swift */,
				6935A4C328E177FE00E3A5CE /* MapPicker.swift */,
				6935A4C728E17A4C00E3A5CE /* MapPickerWorker.swift */,
				69E26BC528F42EC6006C87B4 /* MapPickerView.swift */,
			);
			path = MapPicker;
			sourceTree = "<group>";
		};
		6935A4CB28E17C8100E3A5CE /* API */ = {
			isa = PBXGroup;
			children = (
				6935A4D128E17CE700E3A5CE /* Authorization */,
				6935A4D028E17CDD00E3A5CE /* Points */,
			);
			path = API;
			sourceTree = "<group>";
		};
		6935A4D028E17CDD00E3A5CE /* Points */ = {
			isa = PBXGroup;
			children = (
				6935A4CC28E17CA000E3A5CE /* PickupPointsResponse.swift */,
				6935A4D428E17D1300E3A5CE /* PointsRequest.swift */,
				6935A4DA28E17E6000E3A5CE /* PointsWorker.swift */,
			);
			path = Points;
			sourceTree = "<group>";
		};
		6935A4D128E17CE700E3A5CE /* Authorization */ = {
			isa = PBXGroup;
			children = (
				6935A4D228E17CF700E3A5CE /* AuthorizationRequest.swift */,
				6935A4D628E17DD000E3A5CE /* AuthorizationWorker.swift */,
				6935A4D828E17E0500E3A5CE /* AuthorizationResponse.swift */,
			);
			path = Authorization;
			sourceTree = "<group>";
		};
		6947391C28F5852000C23D51 /* Theme */ = {
			isa = PBXGroup;
			children = (
				6947391D28F5852600C23D51 /* Theme.swift */,
				6947391F28F5852C00C23D51 /* ThemeManager.swift */,
				6947392128F5853400C23D51 /* DefaultTheme.swift */,
			);
			path = Theme;
			sourceTree = "<group>";
		};
		69A3162D28DC2BF30025873A = {
			isa = PBXGroup;
			children = (
				69A3163928DC2BF30025873A /* VintedGOPicker */,
				69A3164528DC2BF30025873A /* VintedGOPickerTests */,
				69A3167028DC2DD30025873A /* DemoAppStoryboard */,
				69A316A928DC32D60025873A /* DemoAppProgramaticUIKit */,
				69A316C628DC3A640025873A /* DemoAppSwiftUI */,
				69A316E328DC49DE0025873A /* VintedGOSDK */,
				69A316EF28DC49DF0025873A /* VintedGOSDKTests */,
				69A3163828DC2BF30025873A /* Products */,
				69A3166328DC2D3B0025873A /* Frameworks */,
			);
			sourceTree = "<group>";
		};
		69A3163828DC2BF30025873A /* Products */ = {
			isa = PBXGroup;
			children = (
				69A3163728DC2BF30025873A /* VintedGOPicker.framework */,
				69A3164128DC2BF30025873A /* VintedGoPickerTests.xctest */,
				69A3166F28DC2DD30025873A /* DemoAppStoryboard.app */,
				69A316A828DC32D60025873A /* DemoAppProgramaticUIKit.app */,
				69A316C528DC3A640025873A /* DemoAppSwiftUI.app */,
				69A316E228DC49DE0025873A /* VintedGOSDK.framework */,
				69A316EB28DC49DF0025873A /* VintedGOSDKTests.xctest */,
			);
			name = Products;
			sourceTree = "<group>";
		};
		69A3163928DC2BF30025873A /* VintedGOPicker */ = {
			isa = PBXGroup;
			children = (
				6947391C28F5852000C23D51 /* Theme */,
				69E26BCA28F4327B006C87B4 /* Helpers */,
				69E26BC728F42F5A006C87B4 /* UI Components */,
				6935A4C528E1780500E3A5CE /* Scenes */,
				69A3163A28DC2BF30025873A /* VintedPUDO.h */,
				69A3163B28DC2BF30025873A /* VintedPUDO.docc */,
				69A316D828DC45830025873A /* Map */,
				69A316D928DC45C30025873A /* VintedGOPicker.swift */,
				6935A4F128E1A7CF00E3A5CE /* Assets.xcassets */,
			);
			path = VintedGOPicker;
			sourceTree = "<group>";
		};
		69A3164528DC2BF30025873A /* VintedGOPickerTests */ = {
			isa = PBXGroup;
			children = (
				69A3164628DC2BF30025873A /* VintedPUDOTests.swift */,
			);
			path = VintedGOPickerTests;
			sourceTree = "<group>";
		};
		69A3166328DC2D3B0025873A /* Frameworks */ = {
			isa = PBXGroup;
			children = (
			);
			name = Frameworks;
			sourceTree = "<group>";
		};
		69A3167028DC2DD30025873A /* DemoAppStoryboard */ = {
			isa = PBXGroup;
			children = (
				69A3167128DC2DD30025873A /* AppDelegate.swift */,
				69A3167328DC2DD30025873A /* SceneDelegate.swift */,
				69A3167528DC2DD30025873A /* ViewController.swift */,
				69A3167728DC2DD30025873A /* Main.storyboard */,
				69A3167A28DC2DD40025873A /* Assets.xcassets */,
				69A3167C28DC2DD40025873A /* LaunchScreen.storyboard */,
				69A3167F28DC2DD40025873A /* Info.plist */,
			);
			path = DemoAppStoryboard;
			sourceTree = "<group>";
		};
		69A3169B28DC31620025873A /* AppleMap */ = {
			isa = PBXGroup;
			children = (
				69A3169C28DC31620025873A /* AppleMapView.swift */,
				69A3169D28DC31620025873A /* AppleMapAnnotation.swift */,
				69A3169E28DC31620025873A /* AppleMapAnnotationView.swift */,
			);
			path = AppleMap;
			sourceTree = "<group>";
		};
		69A316A928DC32D60025873A /* DemoAppProgramaticUIKit */ = {
			isa = PBXGroup;
			children = (
				69A316AA28DC32D60025873A /* AppDelegate.swift */,
				69A316AC28DC32D60025873A /* SceneDelegate.swift */,
				69A316AE28DC32D60025873A /* ViewController.swift */,
				69A316B328DC32D70025873A /* Assets.xcassets */,
				69A316B528DC32D70025873A /* LaunchScreen.storyboard */,
				69A316B828DC32D70025873A /* Info.plist */,
			);
			path = DemoAppProgramaticUIKit;
			sourceTree = "<group>";
		};
		69A316C628DC3A640025873A /* DemoAppSwiftUI */ = {
			isa = PBXGroup;
			children = (
				69A316C728DC3A640025873A /* DemoAppSwiftUIApp.swift */,
				69A316C928DC3A640025873A /* ContentView.swift */,
				69A316CB28DC3A650025873A /* Assets.xcassets */,
				69A316CD28DC3A650025873A /* Preview Content */,
			);
			path = DemoAppSwiftUI;
			sourceTree = "<group>";
		};
		69A316CD28DC3A650025873A /* Preview Content */ = {
			isa = PBXGroup;
			children = (
				69A316CE28DC3A650025873A /* Preview Assets.xcassets */,
			);
			path = "Preview Content";
			sourceTree = "<group>";
		};
		69A316D828DC45830025873A /* Map */ = {
			isa = PBXGroup;
			children = (
				69A3169F28DC316D0025873A /* Reusable.swift */,
				69A3169B28DC31620025873A /* AppleMap */,
				69A3166928DC2D760025873A /* MapView.swift */,
				69A3169428DC30830025873A /* UIView+Embed.swift */,
				69A3169028DC2F840025873A /* MapProviding.swift */,
				69A3169228DC2FA30025873A /* Map+Region.swift */,
				69A3168A28DC2F180025873A /* Map.swift */,
				69A3168C28DC2F3B0025873A /* Map+Pin.swift */,
				69A3168E28DC2F5E0025873A /* Map+Coordinate.swift */,
			);
			path = Map;
			sourceTree = "<group>";
		};
		69A316E328DC49DE0025873A /* VintedGOSDK */ = {
			isa = PBXGroup;
			children = (
				6935A4CB28E17C8100E3A5CE /* API */,
				69E4268428DC4AF00020AD05 /* Networking */,
				69A316E428DC49DE0025873A /* VintedGOSDK.h */,
				69A316E528DC49DE0025873A /* VintedGOSDK.docc */,
				69E4268F28DC4C7D0020AD05 /* Logger.swift */,
				69E4269128DC4CA60020AD05 /* AppConfiguration.swift */,
				69E4269328DC4D160020AD05 /* VintedGOManager.swift */,
				69E4269528DC4D3E0020AD05 /* Environment.swift */,
				6935A4DC28E1801700E3A5CE /* Encoder.swift */,
			);
			path = VintedGOSDK;
			sourceTree = "<group>";
		};
		69A316EF28DC49DF0025873A /* VintedGOSDKTests */ = {
			isa = PBXGroup;
			children = (
				69A316F028DC49DF0025873A /* VintedGOSDKTests.swift */,
			);
			path = VintedGOSDKTests;
			sourceTree = "<group>";
		};
		69E26BC728F42F5A006C87B4 /* UI Components */ = {
			isa = PBXGroup;
			children = (
				69E26BC828F42F6B006C87B4 /* ConfirmationButton.swift */,
			);
			path = "UI Components";
			sourceTree = "<group>";
		};
		69E26BCA28F4327B006C87B4 /* Helpers */ = {
			isa = PBXGroup;
			children = (
				69E26BCB28F43287006C87B4 /* ImageProvider.swift */,
			);
			path = Helpers;
			sourceTree = "<group>";
		};
		69E4268428DC4AF00020AD05 /* Networking */ = {
			isa = PBXGroup;
			children = (
				69E4268528DC4AFE0020AD05 /* Requestable.swift */,
				69E4268728DC4B130020AD05 /* CoreAPIWorker.swift */,
				69E4268928DC4B1A0020AD05 /* NetworkError.swift */,
				69E4268B28DC4B3C0020AD05 /* EmptyResponse.swift */,
				69E4268D28DC4B590020AD05 /* NetworkingDependencies.swift */,
			);
			path = Networking;
			sourceTree = "<group>";
		};
/* End PBXGroup section */

/* Begin PBXHeadersBuildPhase section */
		69A3163228DC2BF30025873A /* Headers */ = {
			isa = PBXHeadersBuildPhase;
			buildActionMask = 2147483647;
			files = (
				69A3164828DC2BF30025873A /* VintedPUDO.h in Headers */,
			);
			runOnlyForDeploymentPostprocessing = 0;
		};
		69A316DD28DC49DE0025873A /* Headers */ = {
			isa = PBXHeadersBuildPhase;
			buildActionMask = 2147483647;
			files = (
				69A316F228DC49DF0025873A /* VintedGOSDK.h in Headers */,
			);
			runOnlyForDeploymentPostprocessing = 0;
		};
/* End PBXHeadersBuildPhase section */

/* Begin PBXNativeTarget section */
		69A3163628DC2BF30025873A /* VintedGOPicker */ = {
			isa = PBXNativeTarget;
			buildConfigurationList = 69A3164B28DC2BF30025873A /* Build configuration list for PBXNativeTarget "VintedGOPicker" */;
			buildPhases = (
				69A3163228DC2BF30025873A /* Headers */,
				69A3163328DC2BF30025873A /* Sources */,
				69A3163428DC2BF30025873A /* Frameworks */,
				69A3163528DC2BF30025873A /* Resources */,
				6935A4EC28E192C600E3A5CE /* Embed Frameworks */,
			);
			buildRules = (
			);
			dependencies = (
				6935A4EB28E192C600E3A5CE /* PBXTargetDependency */,
			);
			name = VintedGOPicker;
			productName = VintedPUDO;
			productReference = 69A3163728DC2BF30025873A /* VintedGOPicker.framework */;
			productType = "com.apple.product-type.framework";
		};
		69A3164028DC2BF30025873A /* VintedGoPickerTests */ = {
			isa = PBXNativeTarget;
			buildConfigurationList = 69A3164E28DC2BF30025873A /* Build configuration list for PBXNativeTarget "VintedGoPickerTests" */;
			buildPhases = (
				69A3163D28DC2BF30025873A /* Sources */,
				69A3163E28DC2BF30025873A /* Frameworks */,
				69A3163F28DC2BF30025873A /* Resources */,
			);
			buildRules = (
			);
			dependencies = (
				69A3164428DC2BF30025873A /* PBXTargetDependency */,
			);
			name = VintedGoPickerTests;
			productName = VintedPUDOTests;
			productReference = 69A3164128DC2BF30025873A /* VintedGoPickerTests.xctest */;
			productType = "com.apple.product-type.bundle.unit-test";
		};
		69A3166E28DC2DD30025873A /* DemoAppStoryboard */ = {
			isa = PBXNativeTarget;
			buildConfigurationList = 69A3168028DC2DD40025873A /* Build configuration list for PBXNativeTarget "DemoAppStoryboard" */;
			buildPhases = (
				69A3166B28DC2DD30025873A /* Sources */,
				69A3166C28DC2DD30025873A /* Frameworks */,
				69A3166D28DC2DD30025873A /* Resources */,
				69A3168728DC2DDC0025873A /* Embed Frameworks */,
			);
			buildRules = (
			);
			dependencies = (
				69A3168628DC2DDC0025873A /* PBXTargetDependency */,
			);
			name = DemoAppStoryboard;
			productName = DemoAppStoryboard;
			productReference = 69A3166F28DC2DD30025873A /* DemoAppStoryboard.app */;
			productType = "com.apple.product-type.application";
		};
		69A316A728DC32D60025873A /* DemoAppProgramaticUIKit */ = {
			isa = PBXNativeTarget;
			buildConfigurationList = 69A316B928DC32D70025873A /* Build configuration list for PBXNativeTarget "DemoAppProgramaticUIKit" */;
			buildPhases = (
				69A316A428DC32D60025873A /* Sources */,
				69A316A528DC32D60025873A /* Frameworks */,
				69A316A628DC32D60025873A /* Resources */,
				6935A4E728E1874700E3A5CE /* Embed Frameworks */,
			);
			buildRules = (
			);
			dependencies = (
				6935A4E628E1874700E3A5CE /* PBXTargetDependency */,
				6935A4F028E193B000E3A5CE /* PBXTargetDependency */,
			);
			name = DemoAppProgramaticUIKit;
			productName = DemoAppProgramaticUIKit;
			productReference = 69A316A828DC32D60025873A /* DemoAppProgramaticUIKit.app */;
			productType = "com.apple.product-type.application";
		};
		69A316C428DC3A640025873A /* DemoAppSwiftUI */ = {
			isa = PBXNativeTarget;
			buildConfigurationList = 69A316D028DC3A650025873A /* Build configuration list for PBXNativeTarget "DemoAppSwiftUI" */;
			buildPhases = (
				69A316C128DC3A640025873A /* Sources */,
				69A316C228DC3A640025873A /* Frameworks */,
				69A316C328DC3A640025873A /* Resources */,
				69A316D728DC3A700025873A /* Embed Frameworks */,
			);
			buildRules = (
			);
			dependencies = (
				69A316D628DC3A700025873A /* PBXTargetDependency */,
			);
			name = DemoAppSwiftUI;
			productName = DemoAppSwiftUI;
			productReference = 69A316C528DC3A640025873A /* DemoAppSwiftUI.app */;
			productType = "com.apple.product-type.application";
		};
		69A316E128DC49DE0025873A /* VintedGOSDK */ = {
			isa = PBXNativeTarget;
			buildConfigurationList = 69A316F328DC49DF0025873A /* Build configuration list for PBXNativeTarget "VintedGOSDK" */;
			buildPhases = (
				69A316DD28DC49DE0025873A /* Headers */,
				69A316DE28DC49DE0025873A /* Sources */,
				69A316DF28DC49DE0025873A /* Frameworks */,
				69A316E028DC49DE0025873A /* Resources */,
			);
			buildRules = (
			);
			dependencies = (
			);
			name = VintedGOSDK;
			productName = VintedGOSDK;
			productReference = 69A316E228DC49DE0025873A /* VintedGOSDK.framework */;
			productType = "com.apple.product-type.framework";
		};
		69A316EA28DC49DF0025873A /* VintedGOSDKTests */ = {
			isa = PBXNativeTarget;
			buildConfigurationList = 69A316F628DC49DF0025873A /* Build configuration list for PBXNativeTarget "VintedGOSDKTests" */;
			buildPhases = (
				69A316E728DC49DF0025873A /* Sources */,
				69A316E828DC49DF0025873A /* Frameworks */,
				69A316E928DC49DF0025873A /* Resources */,
			);
			buildRules = (
			);
			dependencies = (
				69A316EE28DC49DF0025873A /* PBXTargetDependency */,
			);
			name = VintedGOSDKTests;
			productName = VintedGOSDKTests;
			productReference = 69A316EB28DC49DF0025873A /* VintedGOSDKTests.xctest */;
			productType = "com.apple.product-type.bundle.unit-test";
		};
/* End PBXNativeTarget section */

/* Begin PBXProject section */
		69A3162E28DC2BF30025873A /* Project object */ = {
			isa = PBXProject;
			attributes = {
				BuildIndependentTargetsInParallel = 1;
				LastSwiftUpdateCheck = 1340;
				LastUpgradeCheck = 1340;
				TargetAttributes = {
					69A3163628DC2BF30025873A = {
						CreatedOnToolsVersion = 13.4.1;
					};
					69A3164028DC2BF30025873A = {
						CreatedOnToolsVersion = 13.4.1;
					};
					69A3166E28DC2DD30025873A = {
						CreatedOnToolsVersion = 13.4.1;
					};
					69A316A728DC32D60025873A = {
						CreatedOnToolsVersion = 13.4.1;
					};
					69A316C428DC3A640025873A = {
						CreatedOnToolsVersion = 13.4.1;
					};
					69A316E128DC49DE0025873A = {
						CreatedOnToolsVersion = 13.4.1;
					};
					69A316EA28DC49DF0025873A = {
						CreatedOnToolsVersion = 13.4.1;
					};
				};
			};
			buildConfigurationList = 69A3163128DC2BF30025873A /* Build configuration list for PBXProject "VintedGO" */;
			compatibilityVersion = "Xcode 13.0";
			developmentRegion = en;
			hasScannedForEncodings = 0;
			knownRegions = (
				en,
				Base,
			);
			mainGroup = 69A3162D28DC2BF30025873A;
			productRefGroup = 69A3163828DC2BF30025873A /* Products */;
			projectDirPath = "";
			projectRoot = "";
			targets = (
				69A3163628DC2BF30025873A /* VintedGOPicker */,
				69A3164028DC2BF30025873A /* VintedGoPickerTests */,
				69A3166E28DC2DD30025873A /* DemoAppStoryboard */,
				69A316A728DC32D60025873A /* DemoAppProgramaticUIKit */,
				69A316C428DC3A640025873A /* DemoAppSwiftUI */,
				69A316E128DC49DE0025873A /* VintedGOSDK */,
				69A316EA28DC49DF0025873A /* VintedGOSDKTests */,
			);
		};
/* End PBXProject section */

/* Begin PBXResourcesBuildPhase section */
		69A3163528DC2BF30025873A /* Resources */ = {
			isa = PBXResourcesBuildPhase;
			buildActionMask = 2147483647;
			files = (
				6935A4F228E1A7CF00E3A5CE /* Assets.xcassets in Resources */,
			);
			runOnlyForDeploymentPostprocessing = 0;
		};
		69A3163F28DC2BF30025873A /* Resources */ = {
			isa = PBXResourcesBuildPhase;
			buildActionMask = 2147483647;
			files = (
			);
			runOnlyForDeploymentPostprocessing = 0;
		};
		69A3166D28DC2DD30025873A /* Resources */ = {
			isa = PBXResourcesBuildPhase;
			buildActionMask = 2147483647;
			files = (
				69A3167E28DC2DD40025873A /* LaunchScreen.storyboard in Resources */,
				69A3167B28DC2DD40025873A /* Assets.xcassets in Resources */,
				69A3167928DC2DD30025873A /* Main.storyboard in Resources */,
			);
			runOnlyForDeploymentPostprocessing = 0;
		};
		69A316A628DC32D60025873A /* Resources */ = {
			isa = PBXResourcesBuildPhase;
			buildActionMask = 2147483647;
			files = (
				69A316B728DC32D70025873A /* LaunchScreen.storyboard in Resources */,
				69A316B428DC32D70025873A /* Assets.xcassets in Resources */,
			);
			runOnlyForDeploymentPostprocessing = 0;
		};
		69A316C328DC3A640025873A /* Resources */ = {
			isa = PBXResourcesBuildPhase;
			buildActionMask = 2147483647;
			files = (
				69A316CF28DC3A650025873A /* Preview Assets.xcassets in Resources */,
				69A316CC28DC3A650025873A /* Assets.xcassets in Resources */,
			);
			runOnlyForDeploymentPostprocessing = 0;
		};
		69A316E028DC49DE0025873A /* Resources */ = {
			isa = PBXResourcesBuildPhase;
			buildActionMask = 2147483647;
			files = (
			);
			runOnlyForDeploymentPostprocessing = 0;
		};
		69A316E928DC49DF0025873A /* Resources */ = {
			isa = PBXResourcesBuildPhase;
			buildActionMask = 2147483647;
			files = (
			);
			runOnlyForDeploymentPostprocessing = 0;
		};
/* End PBXResourcesBuildPhase section */

/* Begin PBXSourcesBuildPhase section */
		69A3163328DC2BF30025873A /* Sources */ = {
			isa = PBXSourcesBuildPhase;
			buildActionMask = 2147483647;
			files = (
				69A316A128DC317D0025873A /* AppleMapView.swift in Sources */,
				69E26BC928F42F6B006C87B4 /* ConfirmationButton.swift in Sources */,
				69A316A328DC31820025873A /* AppleMapAnnotationView.swift in Sources */,
				69A316A228DC317F0025873A /* AppleMapAnnotation.swift in Sources */,
				6935A4BE28E174D000E3A5CE /* MapPickerPresenter.swift in Sources */,
				6935A4C028E174D500E3A5CE /* MapPickerRouter.swift in Sources */,
				6935A4BC28E174C900E3A5CE /* MapPickerInteractor.swift in Sources */,
				6947392028F5852C00C23D51 /* ThemeManager.swift in Sources */,
				69A3169528DC30830025873A /* UIView+Embed.swift in Sources */,
				69A3169328DC2FA30025873A /* Map+Region.swift in Sources */,
				6947391E28F5852600C23D51 /* Theme.swift in Sources */,
				69A3168D28DC2F3B0025873A /* Map+Pin.swift in Sources */,
				6935A4C228E174DC00E3A5CE /* MapPickerFactory.swift in Sources */,
				69A316A028DC316D0025873A /* Reusable.swift in Sources */,
				69A3168F28DC2F5E0025873A /* Map+Coordinate.swift in Sources */,
				69E26BCC28F43287006C87B4 /* ImageProvider.swift in Sources */,
				69A3169128DC2F840025873A /* MapProviding.swift in Sources */,
				69A3166A28DC2D760025873A /* MapView.swift in Sources */,
				6935A4C428E177FE00E3A5CE /* MapPicker.swift in Sources */,
				69A316DA28DC45C30025873A /* VintedGOPicker.swift in Sources */,
				69A3168B28DC2F180025873A /* Map.swift in Sources */,
				6947392228F5853400C23D51 /* DefaultTheme.swift in Sources */,
				69E26BC628F42EC6006C87B4 /* MapPickerView.swift in Sources */,
				69A3163C28DC2BF30025873A /* VintedPUDO.docc in Sources */,
				6935A4C828E17A4C00E3A5CE /* MapPickerWorker.swift in Sources */,
				69A316DC28DC46D40025873A /* MapPickerViewController.swift in Sources */,
			);
			runOnlyForDeploymentPostprocessing = 0;
		};
		69A3163D28DC2BF30025873A /* Sources */ = {
			isa = PBXSourcesBuildPhase;
			buildActionMask = 2147483647;
			files = (
				69A3164728DC2BF30025873A /* VintedPUDOTests.swift in Sources */,
			);
			runOnlyForDeploymentPostprocessing = 0;
		};
		69A3166B28DC2DD30025873A /* Sources */ = {
			isa = PBXSourcesBuildPhase;
			buildActionMask = 2147483647;
			files = (
				69A3167628DC2DD30025873A /* ViewController.swift in Sources */,
				69A3167228DC2DD30025873A /* AppDelegate.swift in Sources */,
				69A3167428DC2DD30025873A /* SceneDelegate.swift in Sources */,
			);
			runOnlyForDeploymentPostprocessing = 0;
		};
		69A316A428DC32D60025873A /* Sources */ = {
			isa = PBXSourcesBuildPhase;
			buildActionMask = 2147483647;
			files = (
				69A316AF28DC32D60025873A /* ViewController.swift in Sources */,
				69A316AB28DC32D60025873A /* AppDelegate.swift in Sources */,
				69A316AD28DC32D60025873A /* SceneDelegate.swift in Sources */,
			);
			runOnlyForDeploymentPostprocessing = 0;
		};
		69A316C128DC3A640025873A /* Sources */ = {
			isa = PBXSourcesBuildPhase;
			buildActionMask = 2147483647;
			files = (
				69A316CA28DC3A640025873A /* ContentView.swift in Sources */,
				69A316C828DC3A640025873A /* DemoAppSwiftUIApp.swift in Sources */,
			);
			runOnlyForDeploymentPostprocessing = 0;
		};
		69A316DE28DC49DE0025873A /* Sources */ = {
			isa = PBXSourcesBuildPhase;
			buildActionMask = 2147483647;
			files = (
				69A316E628DC49DE0025873A /* VintedGOSDK.docc in Sources */,
				69E4268A28DC4B1A0020AD05 /* NetworkError.swift in Sources */,
				6935A4D928E17E0500E3A5CE /* AuthorizationResponse.swift in Sources */,
				69E4269428DC4D160020AD05 /* VintedGOManager.swift in Sources */,
				6935A4DB28E17E6000E3A5CE /* PointsWorker.swift in Sources */,
				6935A4D528E17D1300E3A5CE /* PointsRequest.swift in Sources */,
				6935A4DD28E1801700E3A5CE /* Encoder.swift in Sources */,
				69E4269228DC4CA60020AD05 /* AppConfiguration.swift in Sources */,
				6935A4D328E17CF700E3A5CE /* AuthorizationRequest.swift in Sources */,
				69E4268828DC4B130020AD05 /* CoreAPIWorker.swift in Sources */,
				69E4269628DC4D3E0020AD05 /* Environment.swift in Sources */,
				6935A4CD28E17CA000E3A5CE /* PickupPointsResponse.swift in Sources */,
				69E4268C28DC4B3C0020AD05 /* EmptyResponse.swift in Sources */,
				69E4269028DC4C7D0020AD05 /* Logger.swift in Sources */,
				6935A4D728E17DD000E3A5CE /* AuthorizationWorker.swift in Sources */,
				69E4268E28DC4B590020AD05 /* NetworkingDependencies.swift in Sources */,
				69E4268628DC4AFE0020AD05 /* Requestable.swift in Sources */,
			);
			runOnlyForDeploymentPostprocessing = 0;
		};
		69A316E728DC49DF0025873A /* Sources */ = {
			isa = PBXSourcesBuildPhase;
			buildActionMask = 2147483647;
			files = (
				69A316F128DC49DF0025873A /* VintedGOSDKTests.swift in Sources */,
			);
			runOnlyForDeploymentPostprocessing = 0;
		};
/* End PBXSourcesBuildPhase section */

/* Begin PBXTargetDependency section */
		6935A4E628E1874700E3A5CE /* PBXTargetDependency */ = {
			isa = PBXTargetDependency;
			target = 69A316E128DC49DE0025873A /* VintedGOSDK */;
			targetProxy = 6935A4E528E1874700E3A5CE /* PBXContainerItemProxy */;
		};
		6935A4EB28E192C600E3A5CE /* PBXTargetDependency */ = {
			isa = PBXTargetDependency;
			target = 69A316E128DC49DE0025873A /* VintedGOSDK */;
			targetProxy = 6935A4EA28E192C600E3A5CE /* PBXContainerItemProxy */;
		};
		6935A4F028E193B000E3A5CE /* PBXTargetDependency */ = {
			isa = PBXTargetDependency;
			target = 69A3163628DC2BF30025873A /* VintedGOPicker */;
			targetProxy = 6935A4EF28E193B000E3A5CE /* PBXContainerItemProxy */;
		};
		69A3164428DC2BF30025873A /* PBXTargetDependency */ = {
			isa = PBXTargetDependency;
			target = 69A3163628DC2BF30025873A /* VintedGOPicker */;
			targetProxy = 69A3164328DC2BF30025873A /* PBXContainerItemProxy */;
		};
		69A3168628DC2DDC0025873A /* PBXTargetDependency */ = {
			isa = PBXTargetDependency;
			target = 69A3163628DC2BF30025873A /* VintedGOPicker */;
			targetProxy = 69A3168528DC2DDC0025873A /* PBXContainerItemProxy */;
		};
		69A316D628DC3A700025873A /* PBXTargetDependency */ = {
			isa = PBXTargetDependency;
			target = 69A3163628DC2BF30025873A /* VintedGOPicker */;
			targetProxy = 69A316D528DC3A700025873A /* PBXContainerItemProxy */;
		};
		69A316EE28DC49DF0025873A /* PBXTargetDependency */ = {
			isa = PBXTargetDependency;
			target = 69A316E128DC49DE0025873A /* VintedGOSDK */;
			targetProxy = 69A316ED28DC49DF0025873A /* PBXContainerItemProxy */;
		};
/* End PBXTargetDependency section */

/* Begin PBXVariantGroup section */
		69A3167728DC2DD30025873A /* Main.storyboard */ = {
			isa = PBXVariantGroup;
			children = (
				69A3167828DC2DD30025873A /* Base */,
			);
			name = Main.storyboard;
			sourceTree = "<group>";
		};
		69A3167C28DC2DD40025873A /* LaunchScreen.storyboard */ = {
			isa = PBXVariantGroup;
			children = (
				69A3167D28DC2DD40025873A /* Base */,
			);
			name = LaunchScreen.storyboard;
			sourceTree = "<group>";
		};
		69A316B528DC32D70025873A /* LaunchScreen.storyboard */ = {
			isa = PBXVariantGroup;
			children = (
				69A316B628DC32D70025873A /* Base */,
			);
			name = LaunchScreen.storyboard;
			sourceTree = "<group>";
		};
/* End PBXVariantGroup section */

/* Begin XCBuildConfiguration section */
		69A3164928DC2BF30025873A /* Debug */ = {
			isa = XCBuildConfiguration;
			buildSettings = {
				ALWAYS_SEARCH_USER_PATHS = NO;
				CLANG_ANALYZER_NONNULL = YES;
				CLANG_ANALYZER_NUMBER_OBJECT_CONVERSION = YES_AGGRESSIVE;
				CLANG_CXX_LANGUAGE_STANDARD = "gnu++17";
				CLANG_ENABLE_MODULES = YES;
				CLANG_ENABLE_OBJC_ARC = YES;
				CLANG_ENABLE_OBJC_WEAK = YES;
				CLANG_WARN_BLOCK_CAPTURE_AUTORELEASING = YES;
				CLANG_WARN_BOOL_CONVERSION = YES;
				CLANG_WARN_COMMA = YES;
				CLANG_WARN_CONSTANT_CONVERSION = YES;
				CLANG_WARN_DEPRECATED_OBJC_IMPLEMENTATIONS = YES;
				CLANG_WARN_DIRECT_OBJC_ISA_USAGE = YES_ERROR;
				CLANG_WARN_DOCUMENTATION_COMMENTS = YES;
				CLANG_WARN_EMPTY_BODY = YES;
				CLANG_WARN_ENUM_CONVERSION = YES;
				CLANG_WARN_INFINITE_RECURSION = YES;
				CLANG_WARN_INT_CONVERSION = YES;
				CLANG_WARN_NON_LITERAL_NULL_CONVERSION = YES;
				CLANG_WARN_OBJC_IMPLICIT_RETAIN_SELF = YES;
				CLANG_WARN_OBJC_LITERAL_CONVERSION = YES;
				CLANG_WARN_OBJC_ROOT_CLASS = YES_ERROR;
				CLANG_WARN_QUOTED_INCLUDE_IN_FRAMEWORK_HEADER = YES;
				CLANG_WARN_RANGE_LOOP_ANALYSIS = YES;
				CLANG_WARN_STRICT_PROTOTYPES = YES;
				CLANG_WARN_SUSPICIOUS_MOVE = YES;
				CLANG_WARN_UNGUARDED_AVAILABILITY = YES_AGGRESSIVE;
				CLANG_WARN_UNREACHABLE_CODE = YES;
				CLANG_WARN__DUPLICATE_METHOD_MATCH = YES;
				COPY_PHASE_STRIP = NO;
				CURRENT_PROJECT_VERSION = 1;
				DEBUG_INFORMATION_FORMAT = dwarf;
				ENABLE_STRICT_OBJC_MSGSEND = YES;
				ENABLE_TESTABILITY = YES;
				GCC_C_LANGUAGE_STANDARD = gnu11;
				GCC_DYNAMIC_NO_PIC = NO;
				GCC_NO_COMMON_BLOCKS = YES;
				GCC_OPTIMIZATION_LEVEL = 0;
				GCC_PREPROCESSOR_DEFINITIONS = (
					"DEBUG=1",
					"$(inherited)",
				);
				GCC_WARN_64_TO_32_BIT_CONVERSION = YES;
				GCC_WARN_ABOUT_RETURN_TYPE = YES_ERROR;
				GCC_WARN_UNDECLARED_SELECTOR = YES;
				GCC_WARN_UNINITIALIZED_AUTOS = YES_AGGRESSIVE;
				GCC_WARN_UNUSED_FUNCTION = YES;
				GCC_WARN_UNUSED_VARIABLE = YES;
				IPHONEOS_DEPLOYMENT_TARGET = 15.5;
				MTL_ENABLE_DEBUG_INFO = INCLUDE_SOURCE;
				MTL_FAST_MATH = YES;
				ONLY_ACTIVE_ARCH = YES;
				SDKROOT = iphoneos;
				SWIFT_ACTIVE_COMPILATION_CONDITIONS = DEBUG;
				SWIFT_OPTIMIZATION_LEVEL = "-Onone";
				VERSIONING_SYSTEM = "apple-generic";
				VERSION_INFO_PREFIX = "";
			};
			name = Debug;
		};
		69A3164A28DC2BF30025873A /* Release */ = {
			isa = XCBuildConfiguration;
			buildSettings = {
				ALWAYS_SEARCH_USER_PATHS = NO;
				CLANG_ANALYZER_NONNULL = YES;
				CLANG_ANALYZER_NUMBER_OBJECT_CONVERSION = YES_AGGRESSIVE;
				CLANG_CXX_LANGUAGE_STANDARD = "gnu++17";
				CLANG_ENABLE_MODULES = YES;
				CLANG_ENABLE_OBJC_ARC = YES;
				CLANG_ENABLE_OBJC_WEAK = YES;
				CLANG_WARN_BLOCK_CAPTURE_AUTORELEASING = YES;
				CLANG_WARN_BOOL_CONVERSION = YES;
				CLANG_WARN_COMMA = YES;
				CLANG_WARN_CONSTANT_CONVERSION = YES;
				CLANG_WARN_DEPRECATED_OBJC_IMPLEMENTATIONS = YES;
				CLANG_WARN_DIRECT_OBJC_ISA_USAGE = YES_ERROR;
				CLANG_WARN_DOCUMENTATION_COMMENTS = YES;
				CLANG_WARN_EMPTY_BODY = YES;
				CLANG_WARN_ENUM_CONVERSION = YES;
				CLANG_WARN_INFINITE_RECURSION = YES;
				CLANG_WARN_INT_CONVERSION = YES;
				CLANG_WARN_NON_LITERAL_NULL_CONVERSION = YES;
				CLANG_WARN_OBJC_IMPLICIT_RETAIN_SELF = YES;
				CLANG_WARN_OBJC_LITERAL_CONVERSION = YES;
				CLANG_WARN_OBJC_ROOT_CLASS = YES_ERROR;
				CLANG_WARN_QUOTED_INCLUDE_IN_FRAMEWORK_HEADER = YES;
				CLANG_WARN_RANGE_LOOP_ANALYSIS = YES;
				CLANG_WARN_STRICT_PROTOTYPES = YES;
				CLANG_WARN_SUSPICIOUS_MOVE = YES;
				CLANG_WARN_UNGUARDED_AVAILABILITY = YES_AGGRESSIVE;
				CLANG_WARN_UNREACHABLE_CODE = YES;
				CLANG_WARN__DUPLICATE_METHOD_MATCH = YES;
				COPY_PHASE_STRIP = NO;
				CURRENT_PROJECT_VERSION = 1;
				DEBUG_INFORMATION_FORMAT = "dwarf-with-dsym";
				ENABLE_NS_ASSERTIONS = NO;
				ENABLE_STRICT_OBJC_MSGSEND = YES;
				GCC_C_LANGUAGE_STANDARD = gnu11;
				GCC_NO_COMMON_BLOCKS = YES;
				GCC_WARN_64_TO_32_BIT_CONVERSION = YES;
				GCC_WARN_ABOUT_RETURN_TYPE = YES_ERROR;
				GCC_WARN_UNDECLARED_SELECTOR = YES;
				GCC_WARN_UNINITIALIZED_AUTOS = YES_AGGRESSIVE;
				GCC_WARN_UNUSED_FUNCTION = YES;
				GCC_WARN_UNUSED_VARIABLE = YES;
				IPHONEOS_DEPLOYMENT_TARGET = 15.5;
				MTL_ENABLE_DEBUG_INFO = NO;
				MTL_FAST_MATH = YES;
				SDKROOT = iphoneos;
				SWIFT_COMPILATION_MODE = wholemodule;
				SWIFT_OPTIMIZATION_LEVEL = "-O";
				VALIDATE_PRODUCT = YES;
				VERSIONING_SYSTEM = "apple-generic";
				VERSION_INFO_PREFIX = "";
			};
			name = Release;
		};
		69A3164C28DC2BF30025873A /* Debug */ = {
			isa = XCBuildConfiguration;
			buildSettings = {
				CODE_SIGN_STYLE = Automatic;
				CURRENT_PROJECT_VERSION = 1;
				DEFINES_MODULE = YES;
				DYLIB_COMPATIBILITY_VERSION = 1;
				DYLIB_CURRENT_VERSION = 1;
				DYLIB_INSTALL_NAME_BASE = "@rpath";
				GENERATE_INFOPLIST_FILE = YES;
				INFOPLIST_KEY_NSHumanReadableCopyright = "";
				INSTALL_PATH = "$(LOCAL_LIBRARY_DIR)/Frameworks";
				LD_RUNPATH_SEARCH_PATHS = (
					"$(inherited)",
					"@executable_path/Frameworks",
					"@loader_path/Frameworks",
				);
				MARKETING_VERSION = 1.0;
				PRODUCT_BUNDLE_IDENTIFIER = vinted.VintedPUDO;
				PRODUCT_NAME = "$(TARGET_NAME:c99extidentifier)";
				SKIP_INSTALL = YES;
				SWIFT_EMIT_LOC_STRINGS = YES;
				SWIFT_VERSION = 5.0;
				TARGETED_DEVICE_FAMILY = "1,2";
			};
			name = Debug;
		};
		69A3164D28DC2BF30025873A /* Release */ = {
			isa = XCBuildConfiguration;
			buildSettings = {
				CODE_SIGN_STYLE = Automatic;
				CURRENT_PROJECT_VERSION = 1;
				DEFINES_MODULE = YES;
				DYLIB_COMPATIBILITY_VERSION = 1;
				DYLIB_CURRENT_VERSION = 1;
				DYLIB_INSTALL_NAME_BASE = "@rpath";
				GENERATE_INFOPLIST_FILE = YES;
				INFOPLIST_KEY_NSHumanReadableCopyright = "";
				INSTALL_PATH = "$(LOCAL_LIBRARY_DIR)/Frameworks";
				LD_RUNPATH_SEARCH_PATHS = (
					"$(inherited)",
					"@executable_path/Frameworks",
					"@loader_path/Frameworks",
				);
				MARKETING_VERSION = 1.0;
				PRODUCT_BUNDLE_IDENTIFIER = vinted.VintedPUDO;
				PRODUCT_NAME = "$(TARGET_NAME:c99extidentifier)";
				SKIP_INSTALL = YES;
				SWIFT_EMIT_LOC_STRINGS = YES;
				SWIFT_VERSION = 5.0;
				TARGETED_DEVICE_FAMILY = "1,2";
			};
			name = Release;
		};
		69A3164F28DC2BF30025873A /* Debug */ = {
			isa = XCBuildConfiguration;
			buildSettings = {
				ALWAYS_EMBED_SWIFT_STANDARD_LIBRARIES = YES;
				CODE_SIGN_STYLE = Automatic;
				CURRENT_PROJECT_VERSION = 1;
				GENERATE_INFOPLIST_FILE = YES;
				MARKETING_VERSION = 1.0;
				PRODUCT_BUNDLE_IDENTIFIER = vinted.VintedPUDOTests;
				PRODUCT_NAME = "$(TARGET_NAME)";
				SWIFT_EMIT_LOC_STRINGS = NO;
				SWIFT_VERSION = 5.0;
				TARGETED_DEVICE_FAMILY = "1,2";
			};
			name = Debug;
		};
		69A3165028DC2BF30025873A /* Release */ = {
			isa = XCBuildConfiguration;
			buildSettings = {
				ALWAYS_EMBED_SWIFT_STANDARD_LIBRARIES = YES;
				CODE_SIGN_STYLE = Automatic;
				CURRENT_PROJECT_VERSION = 1;
				GENERATE_INFOPLIST_FILE = YES;
				MARKETING_VERSION = 1.0;
				PRODUCT_BUNDLE_IDENTIFIER = vinted.VintedPUDOTests;
				PRODUCT_NAME = "$(TARGET_NAME)";
				SWIFT_EMIT_LOC_STRINGS = NO;
				SWIFT_VERSION = 5.0;
				TARGETED_DEVICE_FAMILY = "1,2";
			};
			name = Release;
		};
		69A3168128DC2DD40025873A /* Debug */ = {
			isa = XCBuildConfiguration;
			buildSettings = {
				ASSETCATALOG_COMPILER_APPICON_NAME = AppIcon;
				ASSETCATALOG_COMPILER_GLOBAL_ACCENT_COLOR_NAME = AccentColor;
				CODE_SIGN_STYLE = Automatic;
				CURRENT_PROJECT_VERSION = 1;
				GENERATE_INFOPLIST_FILE = YES;
				INFOPLIST_FILE = DemoAppStoryboard/Info.plist;
				INFOPLIST_KEY_UIApplicationSupportsIndirectInputEvents = YES;
				INFOPLIST_KEY_UILaunchStoryboardName = LaunchScreen;
				INFOPLIST_KEY_UIMainStoryboardFile = Main;
				INFOPLIST_KEY_UISupportedInterfaceOrientations_iPad = "UIInterfaceOrientationPortrait UIInterfaceOrientationPortraitUpsideDown UIInterfaceOrientationLandscapeLeft UIInterfaceOrientationLandscapeRight";
				INFOPLIST_KEY_UISupportedInterfaceOrientations_iPhone = "UIInterfaceOrientationPortrait UIInterfaceOrientationLandscapeLeft UIInterfaceOrientationLandscapeRight";
				LD_RUNPATH_SEARCH_PATHS = (
					"$(inherited)",
					"@executable_path/Frameworks",
				);
				MARKETING_VERSION = 1.0;
				PRODUCT_BUNDLE_IDENTIFIER = vinted.DemoAppStoryboard;
				PRODUCT_NAME = "$(TARGET_NAME)";
				SWIFT_EMIT_LOC_STRINGS = YES;
				SWIFT_VERSION = 5.0;
				TARGETED_DEVICE_FAMILY = "1,2";
			};
			name = Debug;
		};
		69A3168228DC2DD40025873A /* Release */ = {
			isa = XCBuildConfiguration;
			buildSettings = {
				ASSETCATALOG_COMPILER_APPICON_NAME = AppIcon;
				ASSETCATALOG_COMPILER_GLOBAL_ACCENT_COLOR_NAME = AccentColor;
				CODE_SIGN_STYLE = Automatic;
				CURRENT_PROJECT_VERSION = 1;
				GENERATE_INFOPLIST_FILE = YES;
				INFOPLIST_FILE = DemoAppStoryboard/Info.plist;
				INFOPLIST_KEY_UIApplicationSupportsIndirectInputEvents = YES;
				INFOPLIST_KEY_UILaunchStoryboardName = LaunchScreen;
				INFOPLIST_KEY_UIMainStoryboardFile = Main;
				INFOPLIST_KEY_UISupportedInterfaceOrientations_iPad = "UIInterfaceOrientationPortrait UIInterfaceOrientationPortraitUpsideDown UIInterfaceOrientationLandscapeLeft UIInterfaceOrientationLandscapeRight";
				INFOPLIST_KEY_UISupportedInterfaceOrientations_iPhone = "UIInterfaceOrientationPortrait UIInterfaceOrientationLandscapeLeft UIInterfaceOrientationLandscapeRight";
				LD_RUNPATH_SEARCH_PATHS = (
					"$(inherited)",
					"@executable_path/Frameworks",
				);
				MARKETING_VERSION = 1.0;
				PRODUCT_BUNDLE_IDENTIFIER = vinted.DemoAppStoryboard;
				PRODUCT_NAME = "$(TARGET_NAME)";
				SWIFT_EMIT_LOC_STRINGS = YES;
				SWIFT_VERSION = 5.0;
				TARGETED_DEVICE_FAMILY = "1,2";
			};
			name = Release;
		};
		69A316BA28DC32D70025873A /* Debug */ = {
			isa = XCBuildConfiguration;
			buildSettings = {
				ASSETCATALOG_COMPILER_APPICON_NAME = AppIcon;
				ASSETCATALOG_COMPILER_GLOBAL_ACCENT_COLOR_NAME = AccentColor;
				CODE_SIGN_STYLE = Automatic;
				CURRENT_PROJECT_VERSION = 1;
				GENERATE_INFOPLIST_FILE = YES;
				INFOPLIST_FILE = DemoAppProgramaticUIKit/Info.plist;
				INFOPLIST_KEY_UIApplicationSupportsIndirectInputEvents = YES;
				INFOPLIST_KEY_UILaunchStoryboardName = LaunchScreen;
				INFOPLIST_KEY_UISupportedInterfaceOrientations_iPad = "UIInterfaceOrientationPortrait UIInterfaceOrientationPortraitUpsideDown UIInterfaceOrientationLandscapeLeft UIInterfaceOrientationLandscapeRight";
				INFOPLIST_KEY_UISupportedInterfaceOrientations_iPhone = "UIInterfaceOrientationPortrait UIInterfaceOrientationLandscapeLeft UIInterfaceOrientationLandscapeRight";
				LD_RUNPATH_SEARCH_PATHS = (
					"$(inherited)",
					"@executable_path/Frameworks",
				);
				MARKETING_VERSION = 1.0;
				PRODUCT_BUNDLE_IDENTIFIER = vinted.DemoAppProgramaticUIKit;
				PRODUCT_NAME = "$(TARGET_NAME)";
				SWIFT_EMIT_LOC_STRINGS = YES;
				SWIFT_VERSION = 5.0;
				TARGETED_DEVICE_FAMILY = "1,2";
			};
			name = Debug;
		};
		69A316BB28DC32D70025873A /* Release */ = {
			isa = XCBuildConfiguration;
			buildSettings = {
				ASSETCATALOG_COMPILER_APPICON_NAME = AppIcon;
				ASSETCATALOG_COMPILER_GLOBAL_ACCENT_COLOR_NAME = AccentColor;
				CODE_SIGN_STYLE = Automatic;
				CURRENT_PROJECT_VERSION = 1;
				GENERATE_INFOPLIST_FILE = YES;
				INFOPLIST_FILE = DemoAppProgramaticUIKit/Info.plist;
				INFOPLIST_KEY_UIApplicationSupportsIndirectInputEvents = YES;
				INFOPLIST_KEY_UILaunchStoryboardName = LaunchScreen;
				INFOPLIST_KEY_UISupportedInterfaceOrientations_iPad = "UIInterfaceOrientationPortrait UIInterfaceOrientationPortraitUpsideDown UIInterfaceOrientationLandscapeLeft UIInterfaceOrientationLandscapeRight";
				INFOPLIST_KEY_UISupportedInterfaceOrientations_iPhone = "UIInterfaceOrientationPortrait UIInterfaceOrientationLandscapeLeft UIInterfaceOrientationLandscapeRight";
				LD_RUNPATH_SEARCH_PATHS = (
					"$(inherited)",
					"@executable_path/Frameworks",
				);
				MARKETING_VERSION = 1.0;
				PRODUCT_BUNDLE_IDENTIFIER = vinted.DemoAppProgramaticUIKit;
				PRODUCT_NAME = "$(TARGET_NAME)";
				SWIFT_EMIT_LOC_STRINGS = YES;
				SWIFT_VERSION = 5.0;
				TARGETED_DEVICE_FAMILY = "1,2";
			};
			name = Release;
		};
		69A316D128DC3A650025873A /* Debug */ = {
			isa = XCBuildConfiguration;
			buildSettings = {
				ASSETCATALOG_COMPILER_APPICON_NAME = AppIcon;
				ASSETCATALOG_COMPILER_GLOBAL_ACCENT_COLOR_NAME = AccentColor;
				CODE_SIGN_STYLE = Automatic;
				CURRENT_PROJECT_VERSION = 1;
				DEVELOPMENT_ASSET_PATHS = "\"DemoAppSwiftUI/Preview Content\"";
				ENABLE_PREVIEWS = YES;
				GENERATE_INFOPLIST_FILE = YES;
				INFOPLIST_KEY_UIApplicationSceneManifest_Generation = YES;
				INFOPLIST_KEY_UIApplicationSupportsIndirectInputEvents = YES;
				INFOPLIST_KEY_UILaunchScreen_Generation = YES;
				INFOPLIST_KEY_UISupportedInterfaceOrientations_iPad = "UIInterfaceOrientationPortrait UIInterfaceOrientationPortraitUpsideDown UIInterfaceOrientationLandscapeLeft UIInterfaceOrientationLandscapeRight";
				INFOPLIST_KEY_UISupportedInterfaceOrientations_iPhone = "UIInterfaceOrientationPortrait UIInterfaceOrientationLandscapeLeft UIInterfaceOrientationLandscapeRight";
				LD_RUNPATH_SEARCH_PATHS = (
					"$(inherited)",
					"@executable_path/Frameworks",
				);
				MARKETING_VERSION = 1.0;
				PRODUCT_BUNDLE_IDENTIFIER = vinted.DemoAppSwiftUI;
				PRODUCT_NAME = "$(TARGET_NAME)";
				SWIFT_EMIT_LOC_STRINGS = YES;
				SWIFT_VERSION = 5.0;
				TARGETED_DEVICE_FAMILY = "1,2";
			};
			name = Debug;
		};
		69A316D228DC3A650025873A /* Release */ = {
			isa = XCBuildConfiguration;
			buildSettings = {
				ASSETCATALOG_COMPILER_APPICON_NAME = AppIcon;
				ASSETCATALOG_COMPILER_GLOBAL_ACCENT_COLOR_NAME = AccentColor;
				CODE_SIGN_STYLE = Automatic;
				CURRENT_PROJECT_VERSION = 1;
				DEVELOPMENT_ASSET_PATHS = "\"DemoAppSwiftUI/Preview Content\"";
				ENABLE_PREVIEWS = YES;
				GENERATE_INFOPLIST_FILE = YES;
				INFOPLIST_KEY_UIApplicationSceneManifest_Generation = YES;
				INFOPLIST_KEY_UIApplicationSupportsIndirectInputEvents = YES;
				INFOPLIST_KEY_UILaunchScreen_Generation = YES;
				INFOPLIST_KEY_UISupportedInterfaceOrientations_iPad = "UIInterfaceOrientationPortrait UIInterfaceOrientationPortraitUpsideDown UIInterfaceOrientationLandscapeLeft UIInterfaceOrientationLandscapeRight";
				INFOPLIST_KEY_UISupportedInterfaceOrientations_iPhone = "UIInterfaceOrientationPortrait UIInterfaceOrientationLandscapeLeft UIInterfaceOrientationLandscapeRight";
				LD_RUNPATH_SEARCH_PATHS = (
					"$(inherited)",
					"@executable_path/Frameworks",
				);
				MARKETING_VERSION = 1.0;
				PRODUCT_BUNDLE_IDENTIFIER = vinted.DemoAppSwiftUI;
				PRODUCT_NAME = "$(TARGET_NAME)";
				SWIFT_EMIT_LOC_STRINGS = YES;
				SWIFT_VERSION = 5.0;
				TARGETED_DEVICE_FAMILY = "1,2";
			};
			name = Release;
		};
		69A316F428DC49DF0025873A /* Debug */ = {
			isa = XCBuildConfiguration;
			buildSettings = {
				CODE_SIGN_STYLE = Automatic;
				CURRENT_PROJECT_VERSION = 1;
				DEFINES_MODULE = YES;
				DYLIB_COMPATIBILITY_VERSION = 1;
				DYLIB_CURRENT_VERSION = 1;
				DYLIB_INSTALL_NAME_BASE = "@rpath";
				GENERATE_INFOPLIST_FILE = YES;
				INFOPLIST_KEY_NSHumanReadableCopyright = "";
				INSTALL_PATH = "$(LOCAL_LIBRARY_DIR)/Frameworks";
				LD_RUNPATH_SEARCH_PATHS = (
					"$(inherited)",
					"@executable_path/Frameworks",
					"@loader_path/Frameworks",
				);
				MARKETING_VERSION = 1.0;
				PRODUCT_BUNDLE_IDENTIFIER = vinted.VintedGOSDK;
				PRODUCT_NAME = "$(TARGET_NAME:c99extidentifier)";
				SKIP_INSTALL = YES;
				SWIFT_EMIT_LOC_STRINGS = YES;
				SWIFT_VERSION = 5.0;
				TARGETED_DEVICE_FAMILY = "1,2";
			};
			name = Debug;
		};
		69A316F528DC49DF0025873A /* Release */ = {
			isa = XCBuildConfiguration;
			buildSettings = {
				CODE_SIGN_STYLE = Automatic;
				CURRENT_PROJECT_VERSION = 1;
				DEFINES_MODULE = YES;
				DYLIB_COMPATIBILITY_VERSION = 1;
				DYLIB_CURRENT_VERSION = 1;
				DYLIB_INSTALL_NAME_BASE = "@rpath";
				GENERATE_INFOPLIST_FILE = YES;
				INFOPLIST_KEY_NSHumanReadableCopyright = "";
				INSTALL_PATH = "$(LOCAL_LIBRARY_DIR)/Frameworks";
				LD_RUNPATH_SEARCH_PATHS = (
					"$(inherited)",
					"@executable_path/Frameworks",
					"@loader_path/Frameworks",
				);
				MARKETING_VERSION = 1.0;
				PRODUCT_BUNDLE_IDENTIFIER = vinted.VintedGOSDK;
				PRODUCT_NAME = "$(TARGET_NAME:c99extidentifier)";
				SKIP_INSTALL = YES;
				SWIFT_EMIT_LOC_STRINGS = YES;
				SWIFT_VERSION = 5.0;
				TARGETED_DEVICE_FAMILY = "1,2";
			};
			name = Release;
		};
		69A316F728DC49DF0025873A /* Debug */ = {
			isa = XCBuildConfiguration;
			buildSettings = {
				ALWAYS_EMBED_SWIFT_STANDARD_LIBRARIES = YES;
				CODE_SIGN_STYLE = Automatic;
				CURRENT_PROJECT_VERSION = 1;
				GENERATE_INFOPLIST_FILE = YES;
				MARKETING_VERSION = 1.0;
				PRODUCT_BUNDLE_IDENTIFIER = vinted.VintedGOSDKTests;
				PRODUCT_NAME = "$(TARGET_NAME)";
				SWIFT_EMIT_LOC_STRINGS = NO;
				SWIFT_VERSION = 5.0;
				TARGETED_DEVICE_FAMILY = "1,2";
			};
			name = Debug;
		};
		69A316F828DC49DF0025873A /* Release */ = {
			isa = XCBuildConfiguration;
			buildSettings = {
				ALWAYS_EMBED_SWIFT_STANDARD_LIBRARIES = YES;
				CODE_SIGN_STYLE = Automatic;
				CURRENT_PROJECT_VERSION = 1;
				GENERATE_INFOPLIST_FILE = YES;
				MARKETING_VERSION = 1.0;
				PRODUCT_BUNDLE_IDENTIFIER = vinted.VintedGOSDKTests;
				PRODUCT_NAME = "$(TARGET_NAME)";
				SWIFT_EMIT_LOC_STRINGS = NO;
				SWIFT_VERSION = 5.0;
				TARGETED_DEVICE_FAMILY = "1,2";
			};
			name = Release;
		};
/* End XCBuildConfiguration section */

/* Begin XCConfigurationList section */
		69A3163128DC2BF30025873A /* Build configuration list for PBXProject "VintedGO" */ = {
			isa = XCConfigurationList;
			buildConfigurations = (
				69A3164928DC2BF30025873A /* Debug */,
				69A3164A28DC2BF30025873A /* Release */,
			);
			defaultConfigurationIsVisible = 0;
			defaultConfigurationName = Release;
		};
		69A3164B28DC2BF30025873A /* Build configuration list for PBXNativeTarget "VintedGOPicker" */ = {
			isa = XCConfigurationList;
			buildConfigurations = (
				69A3164C28DC2BF30025873A /* Debug */,
				69A3164D28DC2BF30025873A /* Release */,
			);
			defaultConfigurationIsVisible = 0;
			defaultConfigurationName = Release;
		};
		69A3164E28DC2BF30025873A /* Build configuration list for PBXNativeTarget "VintedGoPickerTests" */ = {
			isa = XCConfigurationList;
			buildConfigurations = (
				69A3164F28DC2BF30025873A /* Debug */,
				69A3165028DC2BF30025873A /* Release */,
			);
			defaultConfigurationIsVisible = 0;
			defaultConfigurationName = Release;
		};
		69A3168028DC2DD40025873A /* Build configuration list for PBXNativeTarget "DemoAppStoryboard" */ = {
			isa = XCConfigurationList;
			buildConfigurations = (
				69A3168128DC2DD40025873A /* Debug */,
				69A3168228DC2DD40025873A /* Release */,
			);
			defaultConfigurationIsVisible = 0;
			defaultConfigurationName = Release;
		};
		69A316B928DC32D70025873A /* Build configuration list for PBXNativeTarget "DemoAppProgramaticUIKit" */ = {
			isa = XCConfigurationList;
			buildConfigurations = (
				69A316BA28DC32D70025873A /* Debug */,
				69A316BB28DC32D70025873A /* Release */,
			);
			defaultConfigurationIsVisible = 0;
			defaultConfigurationName = Release;
		};
		69A316D028DC3A650025873A /* Build configuration list for PBXNativeTarget "DemoAppSwiftUI" */ = {
			isa = XCConfigurationList;
			buildConfigurations = (
				69A316D128DC3A650025873A /* Debug */,
				69A316D228DC3A650025873A /* Release */,
			);
			defaultConfigurationIsVisible = 0;
			defaultConfigurationName = Release;
		};
		69A316F328DC49DF0025873A /* Build configuration list for PBXNativeTarget "VintedGOSDK" */ = {
			isa = XCConfigurationList;
			buildConfigurations = (
				69A316F428DC49DF0025873A /* Debug */,
				69A316F528DC49DF0025873A /* Release */,
			);
			defaultConfigurationIsVisible = 0;
			defaultConfigurationName = Release;
		};
		69A316F628DC49DF0025873A /* Build configuration list for PBXNativeTarget "VintedGOSDKTests" */ = {
			isa = XCConfigurationList;
			buildConfigurations = (
				69A316F728DC49DF0025873A /* Debug */,
				69A316F828DC49DF0025873A /* Release */,
			);
			defaultConfigurationIsVisible = 0;
			defaultConfigurationName = Release;
		};
/* End XCConfigurationList section */
	};
	rootObject = 69A3162E28DC2BF30025873A /* Project object */;
}
